// !$*UTF8*$!
{
	archiveVersion = 1;
	classes = {
	};
	objectVersion = 46;
	objects = {

/* Begin PBXBuildFile section */
		3E5739231F2F03EC00498DD3 /* main.m in Sources */ = {isa = PBXBuildFile; fileRef = 3E5739221F2F03EC00498DD3 /* main.m */; };
		3E5739261F2F03EC00498DD3 /* AppDelegate.m in Sources */ = {isa = PBXBuildFile; fileRef = 3E5739251F2F03EC00498DD3 /* AppDelegate.m */; };
		3E5739291F2F03EC00498DD3 /* ViewController.m in Sources */ = {isa = PBXBuildFile; fileRef = 3E5739281F2F03EC00498DD3 /* ViewController.m */; };
		3E57392C1F2F03EC00498DD3 /* Main.storyboard in Resources */ = {isa = PBXBuildFile; fileRef = 3E57392A1F2F03EC00498DD3 /* Main.storyboard */; };
		3E57392E1F2F03EC00498DD3 /* Assets.xcassets in Resources */ = {isa = PBXBuildFile; fileRef = 3E57392D1F2F03EC00498DD3 /* Assets.xcassets */; };
		3E5739311F2F03EC00498DD3 /* LaunchScreen.storyboard in Resources */ = {isa = PBXBuildFile; fileRef = 3E57392F1F2F03EC00498DD3 /* LaunchScreen.storyboard */; };
		3E57393C1F2F03EC00498DD3 /* SDCycleScrollViewTests.m in Sources */ = {isa = PBXBuildFile; fileRef = 3E57393B1F2F03EC00498DD3 /* SDCycleScrollViewTests.m */; };
		3E5739471F2F03EC00498DD3 /* SDCycleScrollViewUITests.m in Sources */ = {isa = PBXBuildFile; fileRef = 3E5739461F2F03EC00498DD3 /* SDCycleScrollViewUITests.m */; };
		93F3A0C279A5E880EF24C840 /* libPods-SDCycleScrollView.a in Frameworks */ = {isa = PBXBuildFile; fileRef = 6E4478FF9C6063AA9EB8A91A /* libPods-SDCycleScrollView.a */; };
/* End PBXBuildFile section */

/* Begin PBXContainerItemProxy section */
		3E5739381F2F03EC00498DD3 /* PBXContainerItemProxy */ = {
			isa = PBXContainerItemProxy;
			containerPortal = 3E5739161F2F03EC00498DD3 /* Project object */;
			proxyType = 1;
			remoteGlobalIDString = 3E57391D1F2F03EC00498DD3;
			remoteInfo = SDCycleScrollView;
		};
		3E5739431F2F03EC00498DD3 /* PBXContainerItemProxy */ = {
			isa = PBXContainerItemProxy;
			containerPortal = 3E5739161F2F03EC00498DD3 /* Project object */;
			proxyType = 1;
			remoteGlobalIDString = 3E57391D1F2F03EC00498DD3;
			remoteInfo = SDCycleScrollView;
		};
/* End PBXContainerItemProxy section */

/* Begin PBXFileReference section */
		2BF650577C887882D5CDEFF8 /* Pods-SDCycleScrollView.debug.xcconfig */ = {isa = PBXFileReference; includeInIndex = 1; lastKnownFileType = text.xcconfig; name = "Pods-SDCycleScrollView.debug.xcconfig"; path = "Pods/Target Support Files/Pods-SDCycleScrollView/Pods-SDCycleScrollView.debug.xcconfig"; sourceTree = "<group>"; };
		3E57391E1F2F03EC00498DD3 /* SDCycleScrollView.app */ = {isa = PBXFileReference; explicitFileType = wrapper.application; includeInIndex = 0; path = SDCycleScrollView.app; sourceTree = BUILT_PRODUCTS_DIR; };
		3E5739221F2F03EC00498DD3 /* main.m */ = {isa = PBXFileReference; lastKnownFileType = sourcecode.c.objc; path = main.m; sourceTree = "<group>"; };
		3E5739241F2F03EC00498DD3 /* AppDelegate.h */ = {isa = PBXFileReference; lastKnownFileType = sourcecode.c.h; path = AppDelegate.h; sourceTree = "<group>"; };
		3E5739251F2F03EC00498DD3 /* AppDelegate.m */ = {isa = PBXFileReference; lastKnownFileType = sourcecode.c.objc; path = AppDelegate.m; sourceTree = "<group>"; };
		3E5739271F2F03EC00498DD3 /* ViewController.h */ = {isa = PBXFileReference; lastKnownFileType = sourcecode.c.h; path = ViewController.h; sourceTree = "<group>"; };
		3E5739281F2F03EC00498DD3 /* ViewController.m */ = {isa = PBXFileReference; lastKnownFileType = sourcecode.c.objc; path = ViewController.m; sourceTree = "<group>"; };
		3E57392B1F2F03EC00498DD3 /* Base */ = {isa = PBXFileReference; lastKnownFileType = file.storyboard; name = Base; path = Base.lproj/Main.storyboard; sourceTree = "<group>"; };
		3E57392D1F2F03EC00498DD3 /* Assets.xcassets */ = {isa = PBXFileReference; lastKnownFileType = folder.assetcatalog; path = Assets.xcassets; sourceTree = "<group>"; };
		3E5739301F2F03EC00498DD3 /* Base */ = {isa = PBXFileReference; lastKnownFileType = file.storyboard; name = Base; path = Base.lproj/LaunchScreen.storyboard; sourceTree = "<group>"; };
		3E5739321F2F03EC00498DD3 /* Info.plist */ = {isa = PBXFileReference; lastKnownFileType = text.plist.xml; path = Info.plist; sourceTree = "<group>"; };
		3E5739371F2F03EC00498DD3 /* SDCycleScrollViewTests.xctest */ = {isa = PBXFileReference; explicitFileType = wrapper.cfbundle; includeInIndex = 0; path = SDCycleScrollViewTests.xctest; sourceTree = BUILT_PRODUCTS_DIR; };
		3E57393B1F2F03EC00498DD3 /* SDCycleScrollViewTests.m */ = {isa = PBXFileReference; lastKnownFileType = sourcecode.c.objc; path = SDCycleScrollViewTests.m; sourceTree = "<group>"; };
		3E57393D1F2F03EC00498DD3 /* Info.plist */ = {isa = PBXFileReference; lastKnownFileType = text.plist.xml; path = Info.plist; sourceTree = "<group>"; };
		3E5739421F2F03EC00498DD3 /* SDCycleScrollViewUITests.xctest */ = {isa = PBXFileReference; explicitFileType = wrapper.cfbundle; includeInIndex = 0; path = SDCycleScrollViewUITests.xctest; sourceTree = BUILT_PRODUCTS_DIR; };
		3E5739461F2F03EC00498DD3 /* SDCycleScrollViewUITests.m */ = {isa = PBXFileReference; lastKnownFileType = sourcecode.c.objc; path = SDCycleScrollViewUITests.m; sourceTree = "<group>"; };
		3E5739481F2F03EC00498DD3 /* Info.plist */ = {isa = PBXFileReference; lastKnownFileType = text.plist.xml; path = Info.plist; sourceTree = "<group>"; };
		6E4478FF9C6063AA9EB8A91A /* libPods-SDCycleScrollView.a */ = {isa = PBXFileReference; explicitFileType = archive.ar; includeInIndex = 0; path = "libPods-SDCycleScrollView.a"; sourceTree = BUILT_PRODUCTS_DIR; };
		C31A18E74DF7BD69208F36E1 /* Pods-SDCycleScrollView.release.xcconfig */ = {isa = PBXFileReference; includeInIndex = 1; lastKnownFileType = text.xcconfig; name = "Pods-SDCycleScrollView.release.xcconfig"; path = "Pods/Target Support Files/Pods-SDCycleScrollView/Pods-SDCycleScrollView.release.xcconfig"; sourceTree = "<group>"; };
/* End PBXFileReference section */

/* Begin PBXFrameworksBuildPhase section */
		3E57391B1F2F03EC00498DD3 /* Frameworks */ = {
			isa = PBXFrameworksBuildPhase;
			buildActionMask = 2147483647;
			files = (
				93F3A0C279A5E880EF24C840 /* libPods-SDCycleScrollView.a in Frameworks */,
			);
			runOnlyForDeploymentPostprocessing = 0;
		};
		3E5739341F2F03EC00498DD3 /* Frameworks */ = {
			isa = PBXFrameworksBuildPhase;
			buildActionMask = 2147483647;
			files = (
			);
			runOnlyForDeploymentPostprocessing = 0;
		};
		3E57393F1F2F03EC00498DD3 /* Frameworks */ = {
			isa = PBXFrameworksBuildPhase;
			buildActionMask = 2147483647;
			files = (
			);
			runOnlyForDeploymentPostprocessing = 0;
		};
/* End PBXFrameworksBuildPhase section */

/* Begin PBXGroup section */
		3E5739151F2F03EC00498DD3 = {
			isa = PBXGroup;
			children = (
				3E5739201F2F03EC00498DD3 /* SDCycleScrollView */,
				3E57393A1F2F03EC00498DD3 /* SDCycleScrollViewTests */,
				3E5739451F2F03EC00498DD3 /* SDCycleScrollViewUITests */,
				3E57391F1F2F03EC00498DD3 /* Products */,
				7E302824DC8D8DF1125048B1 /* Pods */,
				BC1BECF570DA79DB19EE0722 /* Frameworks */,
			);
			sourceTree = "<group>";
		};
		3E57391F1F2F03EC00498DD3 /* Products */ = {
			isa = PBXGroup;
			children = (
				3E57391E1F2F03EC00498DD3 /* SDCycleScrollView.app */,
				3E5739371F2F03EC00498DD3 /* SDCycleScrollViewTests.xctest */,
				3E5739421F2F03EC00498DD3 /* SDCycleScrollViewUITests.xctest */,
			);
			name = Products;
			sourceTree = "<group>";
		};
		3E5739201F2F03EC00498DD3 /* SDCycleScrollView */ = {
			isa = PBXGroup;
			children = (
				3E5739241F2F03EC00498DD3 /* AppDelegate.h */,
				3E5739251F2F03EC00498DD3 /* AppDelegate.m */,
				3E5739271F2F03EC00498DD3 /* ViewController.h */,
				3E5739281F2F03EC00498DD3 /* ViewController.m */,
				3E57392A1F2F03EC00498DD3 /* Main.storyboard */,
				3E57392D1F2F03EC00498DD3 /* Assets.xcassets */,
				3E57392F1F2F03EC00498DD3 /* LaunchScreen.storyboard */,
				3E5739321F2F03EC00498DD3 /* Info.plist */,
				3E5739211F2F03EC00498DD3 /* Supporting Files */,
			);
			path = SDCycleScrollView;
			sourceTree = "<group>";
		};
		3E5739211F2F03EC00498DD3 /* Supporting Files */ = {
			isa = PBXGroup;
			children = (
				3E5739221F2F03EC00498DD3 /* main.m */,
			);
			name = "Supporting Files";
			sourceTree = "<group>";
		};
		3E57393A1F2F03EC00498DD3 /* SDCycleScrollViewTests */ = {
			isa = PBXGroup;
			children = (
				3E57393B1F2F03EC00498DD3 /* SDCycleScrollViewTests.m */,
				3E57393D1F2F03EC00498DD3 /* Info.plist */,
			);
			path = SDCycleScrollViewTests;
			sourceTree = "<group>";
		};
		3E5739451F2F03EC00498DD3 /* SDCycleScrollViewUITests */ = {
			isa = PBXGroup;
			children = (
				3E5739461F2F03EC00498DD3 /* SDCycleScrollViewUITests.m */,
				3E5739481F2F03EC00498DD3 /* Info.plist */,
			);
			path = SDCycleScrollViewUITests;
			sourceTree = "<group>";
		};
		7E302824DC8D8DF1125048B1 /* Pods */ = {
			isa = PBXGroup;
			children = (
				2BF650577C887882D5CDEFF8 /* Pods-SDCycleScrollView.debug.xcconfig */,
				C31A18E74DF7BD69208F36E1 /* Pods-SDCycleScrollView.release.xcconfig */,
			);
			name = Pods;
			sourceTree = "<group>";
		};
		BC1BECF570DA79DB19EE0722 /* Frameworks */ = {
			isa = PBXGroup;
			children = (
				6E4478FF9C6063AA9EB8A91A /* libPods-SDCycleScrollView.a */,
			);
			name = Frameworks;
			sourceTree = "<group>";
		};
/* End PBXGroup section */

/* Begin PBXNativeTarget section */
		3E57391D1F2F03EC00498DD3 /* SDCycleScrollView */ = {
			isa = PBXNativeTarget;
			buildConfigurationList = 3E57394B1F2F03EC00498DD3 /* Build configuration list for PBXNativeTarget "SDCycleScrollView" */;
			buildPhases = (
				856A26FF9C2DCED3773BC81E /* [CP] Check Pods Manifest.lock */,
				3E57391A1F2F03EC00498DD3 /* Sources */,
				3E57391B1F2F03EC00498DD3 /* Frameworks */,
				3E57391C1F2F03EC00498DD3 /* Resources */,
				AF04379CD32E6C413BDD97E2 /* [CP] Embed Pods Frameworks */,
				6C074275FAB2EDD7FAE35AFC /* [CP] Copy Pods Resources */,
			);
			buildRules = (
			);
			dependencies = (
			);
			name = SDCycleScrollView;
			productName = SDCycleScrollView;
			productReference = 3E57391E1F2F03EC00498DD3 /* SDCycleScrollView.app */;
			productType = "com.apple.product-type.application";
		};
		3E5739361F2F03EC00498DD3 /* SDCycleScrollViewTests */ = {
			isa = PBXNativeTarget;
			buildConfigurationList = 3E57394E1F2F03EC00498DD3 /* Build configuration list for PBXNativeTarget "SDCycleScrollViewTests" */;
			buildPhases = (
				3E5739331F2F03EC00498DD3 /* Sources */,
				3E5739341F2F03EC00498DD3 /* Frameworks */,
				3E5739351F2F03EC00498DD3 /* Resources */,
			);
			buildRules = (
			);
			dependencies = (
				3E5739391F2F03EC00498DD3 /* PBXTargetDependency */,
			);
			name = SDCycleScrollViewTests;
			productName = SDCycleScrollViewTests;
			productReference = 3E5739371F2F03EC00498DD3 /* SDCycleScrollViewTests.xctest */;
			productType = "com.apple.product-type.bundle.unit-test";
		};
		3E5739411F2F03EC00498DD3 /* SDCycleScrollViewUITests */ = {
			isa = PBXNativeTarget;
			buildConfigurationList = 3E5739511F2F03EC00498DD3 /* Build configuration list for PBXNativeTarget "SDCycleScrollViewUITests" */;
			buildPhases = (
				3E57393E1F2F03EC00498DD3 /* Sources */,
				3E57393F1F2F03EC00498DD3 /* Frameworks */,
				3E5739401F2F03EC00498DD3 /* Resources */,
			);
			buildRules = (
			);
			dependencies = (
				3E5739441F2F03EC00498DD3 /* PBXTargetDependency */,
			);
			name = SDCycleScrollViewUITests;
			productName = SDCycleScrollViewUITests;
			productReference = 3E5739421F2F03EC00498DD3 /* SDCycleScrollViewUITests.xctest */;
			productType = "com.apple.product-type.bundle.ui-testing";
		};
/* End PBXNativeTarget section */

/* Begin PBXProject section */
		3E5739161F2F03EC00498DD3 /* Project object */ = {
			isa = PBXProject;
			attributes = {
				LastUpgradeCheck = 0830;
				ORGANIZATIONNAME = ryhx_lina;
				TargetAttributes = {
					3E57391D1F2F03EC00498DD3 = {
						CreatedOnToolsVersion = 8.3.2;
						ProvisioningStyle = Automatic;
					};
					3E5739361F2F03EC00498DD3 = {
						CreatedOnToolsVersion = 8.3.2;
						ProvisioningStyle = Automatic;
						TestTargetID = 3E57391D1F2F03EC00498DD3;
					};
					3E5739411F2F03EC00498DD3 = {
						CreatedOnToolsVersion = 8.3.2;
						ProvisioningStyle = Automatic;
						TestTargetID = 3E57391D1F2F03EC00498DD3;
					};
				};
			};
			buildConfigurationList = 3E5739191F2F03EC00498DD3 /* Build configuration list for PBXProject "SDCycleScrollView" */;
			compatibilityVersion = "Xcode 3.2";
			developmentRegion = English;
			hasScannedForEncodings = 0;
			knownRegions = (
				en,
				Base,
			);
			mainGroup = 3E5739151F2F03EC00498DD3;
			productRefGroup = 3E57391F1F2F03EC00498DD3 /* Products */;
			projectDirPath = "";
			projectRoot = "";
			targets = (
				3E57391D1F2F03EC00498DD3 /* SDCycleScrollView */,
				3E5739361F2F03EC00498DD3 /* SDCycleScrollViewTests */,
				3E5739411F2F03EC00498DD3 /* SDCycleScrollViewUITests */,
			);
		};
/* End PBXProject section */

/* Begin PBXResourcesBuildPhase section */
		3E57391C1F2F03EC00498DD3 /* Resources */ = {
			isa = PBXResourcesBuildPhase;
			buildActionMask = 2147483647;
			files = (
				3E5739311F2F03EC00498DD3 /* LaunchScreen.storyboard in Resources */,
				3E57392E1F2F03EC00498DD3 /* Assets.xcassets in Resources */,
				3E57392C1F2F03EC00498DD3 /* Main.storyboard in Resources */,
			);
			runOnlyForDeploymentPostprocessing = 0;
		};
		3E5739351F2F03EC00498DD3 /* Resources */ = {
			isa = PBXResourcesBuildPhase;
			buildActionMask = 2147483647;
			files = (
			);
			runOnlyForDeploymentPostprocessing = 0;
		};
		3E5739401F2F03EC00498DD3 /* Resources */ = {
			isa = PBXResourcesBuildPhase;
			buildActionMask = 2147483647;
			files = (
			);
			runOnlyForDeploymentPostprocessing = 0;
		};
/* End PBXResourcesBuildPhase section */

/* Begin PBXShellScriptBuildPhase section */
		6C074275FAB2EDD7FAE35AFC /* [CP] Copy Pods Resources */ = {
			isa = PBXShellScriptBuildPhase;
			buildActionMask = 2147483647;
			files = (
			);
			inputPaths = (
			);
			name = "[CP] Copy Pods Resources";
			outputPaths = (
			);
			runOnlyForDeploymentPostprocessing = 0;
			shellPath = /bin/sh;
			shellScript = "\"${SRCROOT}/Pods/Target Support Files/Pods-SDCycleScrollView/Pods-SDCycleScrollView-resources.sh\"\n";
			showEnvVarsInLog = 0;
		};
		856A26FF9C2DCED3773BC81E /* [CP] Check Pods Manifest.lock */ = {
			isa = PBXShellScriptBuildPhase;
			buildActionMask = 2147483647;
			files = (
			);
			inputPaths = (
			);
			name = "[CP] Check Pods Manifest.lock";
			outputPaths = (
			);
			runOnlyForDeploymentPostprocessing = 0;
			shellPath = /bin/sh;
			shellScript = "diff \"${PODS_ROOT}/../Podfile.lock\" \"${PODS_ROOT}/Manifest.lock\" > /dev/null\nif [ $? != 0 ] ; then\n    # print error to STDERR\n    echo \"error: The sandbox is not in sync with the Podfile.lock. Run 'pod install' or update your CocoaPods installation.\" >&2\n    exit 1\nfi\n";
			showEnvVarsInLog = 0;
		};
		AF04379CD32E6C413BDD97E2 /* [CP] Embed Pods Frameworks */ = {
			isa = PBXShellScriptBuildPhase;
			buildActionMask = 2147483647;
			files = (
			);
			inputPaths = (
			);
			name = "[CP] Embed Pods Frameworks";
			outputPaths = (
			);
			runOnlyForDeploymentPostprocessing = 0;
			shellPath = /bin/sh;
			shellScript = "\"${SRCROOT}/Pods/Target Support Files/Pods-SDCycleScrollView/Pods-SDCycleScrollView-frameworks.sh\"\n";
			showEnvVarsInLog = 0;
		};
/* End PBXShellScriptBuildPhase section */

/* Begin PBXSourcesBuildPhase section */
		3E57391A1F2F03EC00498DD3 /* Sources */ = {
			isa = PBXSourcesBuildPhase;
			buildActionMask = 2147483647;
			files = (
				3E5739291F2F03EC00498DD3 /* ViewController.m in Sources */,
				3E5739261F2F03EC00498DD3 /* AppDelegate.m in Sources */,
				3E5739231F2F03EC00498DD3 /* main.m in Sources */,
			);
			runOnlyForDeploymentPostprocessing = 0;
		};
		3E5739331F2F03EC00498DD3 /* Sources */ = {
			isa = PBXSourcesBuildPhase;
			buildActionMask = 2147483647;
			files = (
				3E57393C1F2F03EC00498DD3 /* SDCycleScrollViewTests.m in Sources */,
			);
			runOnlyForDeploymentPostprocessing = 0;
		};
		3E57393E1F2F03EC00498DD3 /* Sources */ = {
			isa = PBXSourcesBuildPhase;
			buildActionMask = 2147483647;
			files = (
				3E5739471F2F03EC00498DD3 /* SDCycleScrollViewUITests.m in Sources */,
			);
			runOnlyForDeploymentPostprocessing = 0;
		};
/* End PBXSourcesBuildPhase section */

/* Begin PBXTargetDependency section */
		3E5739391F2F03EC00498DD3 /* PBXTargetDependency */ = {
			isa = PBXTargetDependency;
			target = 3E57391D1F2F03EC00498DD3 /* SDCycleScrollView */;
			targetProxy = 3E5739381F2F03EC00498DD3 /* PBXContainerItemProxy */;
		};
		3E5739441F2F03EC00498DD3 /* PBXTargetDependency */ = {
			isa = PBXTargetDependency;
			target = 3E57391D1F2F03EC00498DD3 /* SDCycleScrollView */;
			targetProxy = 3E5739431F2F03EC00498DD3 /* PBXContainerItemProxy */;
		};
/* End PBXTargetDependency section */

/* Begin PBXVariantGroup section */
		3E57392A1F2F03EC00498DD3 /* Main.storyboard */ = {
			isa = PBXVariantGroup;
			children = (
				3E57392B1F2F03EC00498DD3 /* Base */,
			);
			name = Main.storyboard;
			sourceTree = "<group>";
		};
		3E57392F1F2F03EC00498DD3 /* LaunchScreen.storyboard */ = {
			isa = PBXVariantGroup;
			children = (
				3E5739301F2F03EC00498DD3 /* Base */,
			);
			name = LaunchScreen.storyboard;
			sourceTree = "<group>";
		};
/* End PBXVariantGroup section */

/* Begin XCBuildConfiguration section */
		3E5739491F2F03EC00498DD3 /* Debug */ = {
			isa = XCBuildConfiguration;
			buildSettings = {
				ALWAYS_SEARCH_USER_PATHS = NO;
				CLANG_ANALYZER_NONNULL = YES;
				CLANG_ANALYZER_NUMBER_OBJECT_CONVERSION = YES_AGGRESSIVE;
				CLANG_CXX_LANGUAGE_STANDARD = "gnu++0x";
				CLANG_CXX_LIBRARY = "libc++";
				CLANG_ENABLE_MODULES = YES;
				CLANG_ENABLE_OBJC_ARC = YES;
				CLANG_WARN_BOOL_CONVERSION = YES;
				CLANG_WARN_CONSTANT_CONVERSION = YES;
				CLANG_WARN_DIRECT_OBJC_ISA_USAGE = YES_ERROR;
				CLANG_WARN_DOCUMENTATION_COMMENTS = YES;
				CLANG_WARN_EMPTY_BODY = YES;
				CLANG_WARN_ENUM_CONVERSION = YES;
				CLANG_WARN_INFINITE_RECURSION = YES;
				CLANG_WARN_INT_CONVERSION = YES;
				CLANG_WARN_OBJC_ROOT_CLASS = YES_ERROR;
				CLANG_WARN_SUSPICIOUS_MOVE = YES;
				CLANG_WARN_UNREACHABLE_CODE = YES;
				CLANG_WARN__DUPLICATE_METHOD_MATCH = YES;
				"CODE_SIGN_IDENTITY[sdk=iphoneos*]" = "iPhone Developer";
				COPY_PHASE_STRIP = NO;
				DEBUG_INFORMATION_FORMAT = dwarf;
				ENABLE_STRICT_OBJC_MSGSEND = YES;
				ENABLE_TESTABILITY = YES;
				GCC_C_LANGUAGE_STANDARD = gnu99;
				GCC_DYNAMIC_NO_PIC = NO;
				GCC_NO_COMMON_BLOCKS = YES;
				GCC_OPTIMIZATION_LEVEL = 0;
				GCC_PREPROCESSOR_DEFINITIONS = (
					"DEBUG=1",
					"$(inherited)",
				);
				GCC_WARN_64_TO_32_BIT_CONVERSION = YES;
				GCC_WARN_ABOUT_RETURN_TYPE = YES_ERROR;
				GCC_WARN_UNDECLARED_SELECTOR = YES;
				GCC_WARN_UNINITIALIZED_AUTOS = YES_AGGRESSIVE;
				GCC_WARN_UNUSED_FUNCTION = YES;
				GCC_WARN_UNUSED_VARIABLE = YES;
				IPHONEOS_DEPLOYMENT_TARGET = 10.3;
				MTL_ENABLE_DEBUG_INFO = YES;
				ONLY_ACTIVE_ARCH = YES;
				SDKROOT = iphoneos;
			};
			name = Debug;
		};
		3E57394A1F2F03EC00498DD3 /* Release */ = {
			isa = XCBuildConfiguration;
			buildSettings = {
				ALWAYS_SEARCH_USER_PATHS = NO;
				CLANG_ANALYZER_NONNULL = YES;
				CLANG_ANALYZER_NUMBER_OBJECT_CONVERSION = YES_AGGRESSIVE;
				CLANG_CXX_LANGUAGE_STANDARD = "gnu++0x";
				CLANG_CXX_LIBRARY = "libc++";
				CLANG_ENABLE_MODULES = YES;
				CLANG_ENABLE_OBJC_ARC = YES;
				CLANG_WARN_BOOL_CONVERSION = YES;
				CLANG_WARN_CONSTANT_CONVERSION = YES;
				CLANG_WARN_DIRECT_OBJC_ISA_USAGE = YES_ERROR;
				CLANG_WARN_DOCUMENTATION_COMMENTS = YES;
				CLANG_WARN_EMPTY_BODY = YES;
				CLANG_WARN_ENUM_CONVERSION = YES;
				CLANG_WARN_INFINITE_RECURSION = YES;
				CLANG_WARN_INT_CONVERSION = YES;
				CLANG_WARN_OBJC_ROOT_CLASS = YES_ERROR;
				CLANG_WARN_SUSPICIOUS_MOVE = YES;
				CLANG_WARN_UNREACHABLE_CODE = YES;
				CLANG_WARN__DUPLICATE_METHOD_MATCH = YES;
				"CODE_SIGN_IDENTITY[sdk=iphoneos*]" = "iPhone Developer";
				COPY_PHASE_STRIP = NO;
				DEBUG_INFORMATION_FORMAT = "dwarf-with-dsym";
				ENABLE_NS_ASSERTIONS = NO;
				ENABLE_STRICT_OBJC_MSGSEND = YES;
				GCC_C_LANGUAGE_STANDARD = gnu99;
				GCC_NO_COMMON_BLOCKS = YES;
				GCC_WARN_64_TO_32_BIT_CONVERSION = YES;
				GCC_WARN_ABOUT_RETURN_TYPE = YES_ERROR;
				GCC_WARN_UNDECLARED_SELECTOR = YES;
				GCC_WARN_UNINITIALIZED_AUTOS = YES_AGGRESSIVE;
				GCC_WARN_UNUSED_FUNCTION = YES;
				GCC_WARN_UNUSED_VARIABLE = YES;
				IPHONEOS_DEPLOYMENT_TARGET = 10.3;
				MTL_ENABLE_DEBUG_INFO = NO;
				SDKROOT = iphoneos;
				VALIDATE_PRODUCT = YES;
			};
			name = Release;
		};
		3E57394C1F2F03EC00498DD3 /* Debug */ = {
			isa = XCBuildConfiguration;
			baseConfigurationReference = 2BF650577C887882D5CDEFF8 /* Pods-SDCycleScrollView.debug.xcconfig */;
			buildSettings = {
				ASSETCATALOG_COMPILER_APPICON_NAME = AppIcon;
				INFOPLIST_FILE = SDCycleScrollView/Info.plist;
				LD_RUNPATH_SEARCH_PATHS = "$(inherited) @executable_path/Frameworks";
				PRODUCT_BUNDLE_IDENTIFIER = ryhx.SDCycleScrollView;
				PRODUCT_NAME = "$(TARGET_NAME)";
			};
			name = Debug;
		};
		3E57394D1F2F03EC00498DD3 /* Release */ = {
			isa = XCBuildConfiguration;
			baseConfigurationReference = C31A18E74DF7BD69208F36E1 /* Pods-SDCycleScrollView.release.xcconfig */;
			buildSettings = {
				ASSETCATALOG_COMPILER_APPICON_NAME = AppIcon;
				INFOPLIST_FILE = SDCycleScrollView/Info.plist;
				LD_RUNPATH_SEARCH_PATHS = "$(inherited) @executable_path/Frameworks";
				PRODUCT_BUNDLE_IDENTIFIER = ryhx.SDCycleScrollView;
				PRODUCT_NAME = "$(TARGET_NAME)";
			};
			name = Release;
		};
		3E57394F1F2F03EC00498DD3 /* Debug */ = {
			isa = XCBuildConfiguration;
			buildSettings = {
				BUNDLE_LOADER = "$(TEST_HOST)";
				INFOPLIST_FILE = SDCycleScrollViewTests/Info.plist;
				LD_RUNPATH_SEARCH_PATHS = "$(inherited) @executable_path/Frameworks @loader_path/Frameworks";
				PRODUCT_BUNDLE_IDENTIFIER = ryhx.SDCycleScrollViewTests;
				PRODUCT_NAME = "$(TARGET_NAME)";
				TEST_HOST = "$(BUILT_PRODUCTS_DIR)/SDCycleScrollView.app/SDCycleScrollView";
			};
			name = Debug;
		};
		3E5739501F2F03EC00498DD3 /* Release */ = {
			isa = XCBuildConfiguration;
			buildSettings = {
				BUNDLE_LOADER = "$(TEST_HOST)";
				INFOPLIST_FILE = SDCycleScrollViewTests/Info.plist;
				LD_RUNPATH_SEARCH_PATHS = "$(inherited) @executable_path/Frameworks @loader_path/Frameworks";
				PRODUCT_BUNDLE_IDENTIFIER = ryhx.SDCycleScrollViewTests;
				PRODUCT_NAME = "$(TARGET_NAME)";
				TEST_HOST = "$(BUILT_PRODUCTS_DIR)/SDCycleScrollView.app/SDCycleScrollView";
			};
			name = Release;
		};
		3E5739521F2F03EC00498DD3 /* Debug */ = {
			isa = XCBuildConfiguration;
			buildSettings = {
				INFOPLIST_FILE = SDCycleScrollViewUITests/Info.plist;
				LD_RUNPATH_SEARCH_PATHS = "$(inherited) @executable_path/Frameworks @loader_path/Frameworks";
				PRODUCT_BUNDLE_IDENTIFIER = ryhx.SDCycleScrollViewUITests;
				PRODUCT_NAME = "$(TARGET_NAME)";
				TEST_TARGET_NAME = SDCycleScrollView;
			};
			name = Debug;
		};
		3E5739531F2F03EC00498DD3 /* Release */ = {
			isa = XCBuildConfiguration;
			buildSettings = {
				INFOPLIST_FILE = SDCycleScrollViewUITests/Info.plist;
				LD_RUNPATH_SEARCH_PATHS = "$(inherited) @executable_path/Frameworks @loader_path/Frameworks";
				PRODUCT_BUNDLE_IDENTIFIER = ryhx.SDCycleScrollViewUITests;
				PRODUCT_NAME = "$(TARGET_NAME)";
				TEST_TARGET_NAME = SDCycleScrollView;
			};
			name = Release;
		};
/* End XCBuildConfiguration section */

/* Begin XCConfigurationList section */
		3E5739191F2F03EC00498DD3 /* Build configuration list for PBXProject "SDCycleScrollView" */ = {
			isa = XCConfigurationList;
			buildConfigurations = (
				3E5739491F2F03EC00498DD3 /* Debug */,
				3E57394A1F2F03EC00498DD3 /* Release */,
			);
			defaultConfigurationIsVisible = 0;
			defaultConfigurationName = Release;
		};
		3E57394B1F2F03EC00498DD3 /* Build configuration list for PBXNativeTarget "SDCycleScrollView" */ = {
			isa = XCConfigurationList;
			buildConfigurations = (
				3E57394C1F2F03EC00498DD3 /* Debug */,
				3E57394D1F2F03EC00498DD3 /* Release */,
			);
			defaultConfigurationIsVisible = 0;
		};
		3E57394E1F2F03EC00498DD3 /* Build configuration list for PBXNativeTarget "SDCycleScrollViewTests" */ = {
			isa = XCConfigurationList;
			buildConfigurations = (
				3E57394F1F2F03EC00498DD3 /* Debug */,
				3E5739501F2F03EC00498DD3 /* Release */,
			);
			defaultConfigurationIsVisible = 0;
		};
		3E5739511F2F03EC00498DD3 /* Build configuration list for PBXNativeTarget "SDCycleScrollViewUITests" */ = {
			isa = XCConfigurationList;
			buildConfigurations = (
				3E5739521F2F03EC00498DD3 /* Debug */,
				3E5739531F2F03EC00498DD3 /* Release */,
			);
			defaultConfigurationIsVisible = 0;
		};
/* End XCConfigurationList section */
	};
	rootObject = 3E5739161F2F03EC00498DD3 /* Project object */;
}
